PODS:
  - RxCocoa (5.0.0):
    - RxRelay (~> 5)
    - RxSwift (~> 5)
  - RxRelay (5.0.0):
    - RxSwift (~> 5)
  - RxSwift (5.0.0)
  - Starscream (3.1.0)

DEPENDENCIES:
  - RxCocoa (~> 5)
  - RxSwift (~> 5)
  - Starscream (~> 3.1.0)

SPEC REPOS:
  https://github.com/cocoapods/specs.git:
    - RxCocoa
    - RxRelay
    - RxSwift
    - Starscream

SPEC CHECKSUMS:
  RxCocoa: fcf32050ac00d801f34a7f71d5e8e7f23026dcd8
  RxRelay: 4f7409406a51a55cd88483f21ed898c234d60f18
  RxSwift: 8b0671caa829a763bbce7271095859121cbd895f
  Starscream: 08172b481e145289c4930cb567230fb55897cfa4

PODFILE CHECKSUM: 14c4ee5a8a48400c2f8b59a7e8d0e7e8a2e59c1f

COCOAPODS: 1.5.3
